{
    "_meta": {
        "hash": {
            "sha256": "d74912cf487232c5092f7b0f97d757321d1ac4f46ed552488c10beab17d2fe2e"
        },
        "pipfile-spec": 6,
        "requires": {
            "python_version": "3.9"
        },
        "sources": [
            {
                "name": "pypi",
                "url": "https://pypi.org/simple",
                "verify_ssl": true
            }
        ]
    },
    "default": {
        "asgiref": {
            "hashes": [
                "sha256:1d2880b792ae8757289136f1db2b7b99100ce959b2aa57fd69dab783d05afac4",
                "sha256:4a29362a6acebe09bf1d6640db38c1dc3d9217c68e6f9f6204d72667fc19a424"
            ],
            "markers": "python_version >= '3.7'",
            "version": "==3.5.2"
        },
        "django": {
            "hashes": [
                "sha256:677182ba8b5b285a4e072f3ac17ceee6aff1b5ce77fd173cc5b6a2d3dc022fcf",
                "sha256:a8681e098fa60f7c33a4b628d6fcd3fe983a0939ff1301ecacac21d0b38bad56"
            ],
            "index": "pypi",
            "version": "==3.2.14"
        },
        "django-cors-headers": {
            "hashes": [
                "sha256:1ac2b1213de75a251e2ba04448da15f99bcfcbe164288ae6b5ff929dc49b372f",
                "sha256:96069c4aaacace786a34ee7894ff680780ec2644e4268b31181044410fecd12e"
            ],
            "index": "pypi",
            "version": "==3.7.0"
        },
        "djangorestframework": {
            "hashes": [
                "sha256:6d1d59f623a5ad0509fe0d6bfe93cbdfe17b8116ebc8eda86d45f6e16e819aaf",
                "sha256:f747949a8ddac876e879190df194b925c177cdeb725a099db1460872f7c0a7f2"
            ],
            "index": "pypi",
            "version": "==3.12.4"
        },
        "djangorestframework-jwt": {
            "hashes": [
                "sha256:5efe33032f3a4518a300dc51a51c92145ad95fb6f4b272e5aa24701db67936a7",
                "sha256:ab15dfbbe535eede8e2e53adaf52ef0cf018ee27dbfad10cbc4cbec2ab63d38c"
            ],
            "index": "pypi",
            "version": "==1.11.0"
        },
        "pyjwt": {
            "hashes": [
                "sha256:5c6eca3c2940464d106b99ba83b00c6add741c9becaec087fb7ccdefea71350e",
                "sha256:8d59a976fb773f3e6a39c85636357c4f0e242707394cadadd9814f5cbaa20e96"
            ],
            "version": "==1.7.1"
        },
        "pytz": {
            "hashes": [
                "sha256:1e760e2fe6a8163bc0b3d9a19c4f84342afa0a2affebfaa84b01b978a02ecaa7",
                "sha256:e68985985296d9a66a881eb3193b0906246245294a881e7c8afe623866ac6a5c"
            ],
            "version": "==2022.1"
        },
        "sqlparse": {
            "hashes": [
                "sha256:0c00730c74263a94e5a9919ade150dfc3b19c574389985446148402998287dae",
                "sha256:48719e356bb8b42991bdbb1e8b83223757b93789c00910a616a071910ca4a64d"
            ],
            "markers": "python_version >= '3.5'",
            "version": "==0.4.2"
        }
    },
    "develop": {}
}
